
Microsoft Visual Studio Solution File, Format Version 12.00
# Visual Studio Version 16
VisualStudioVersion = 16.0.29326.143
MinimumVisualStudioVersion = 10.0.40219.1
Project("{9A19103F-16F7-4668-BE54-9A1E7A4F7556}") = "DrumTrainer", "DrumTrainer\DrumTrainer.csproj", "{AFC0D537-7027-4B84-B810-4898510785AD}"
EndProject
Project("{9A19103F-16F7-4668-BE54-9A1E7A4F7556}") = "DrumTrainer.Core", "DrumTrainer.Core\DrumTrainer.Core.csproj", "{75435BE0-9815-4292-9FC6-4DD9C2D9FBE8}"
EndProject
Project("{FAE04EC0-301F-11D3-BF4B-00C04F79EFBC}") = "DrumTrainer.Spotify", "DrumTrainer.Spotify\DrumTrainer.Spotify.csproj", "{2DC96FAE-0428-4398-9FF7-0FE68143145D}"
EndProject
Global
	GlobalSection(SolutionConfigurationPlatforms) = preSolution
		Debug|Any CPU = Debug|Any CPU
		Release|Any CPU = Release|Any CPU
	EndGlobalSection
	GlobalSection(ProjectConfigurationPlatforms) = postSolution
		{AFC0D537-7027-4B84-B810-4898510785AD}.Debug|Any CPU.ActiveCfg = Debug|Any CPU
		{AFC0D537-7027-4B84-B810-4898510785AD}.Debug|Any CPU.Build.0 = Debug|Any CPU
		{AFC0D537-7027-4B84-B810-4898510785AD}.Release|Any CPU.ActiveCfg = Release|Any CPU
		{AFC0D537-7027-4B84-B810-4898510785AD}.Release|Any CPU.Build.0 = Release|Any CPU
		{75435BE0-9815-4292-9FC6-4DD9C2D9FBE8}.Debug|Any CPU.ActiveCfg = Debug|Any CPU
		{75435BE0-9815-4292-9FC6-4DD9C2D9FBE8}.Debug|Any CPU.Build.0 = Debug|Any CPU
		{75435BE0-9815-4292-9FC6-4DD9C2D9FBE8}.Release|Any CPU.ActiveCfg = Release|Any CPU
		{75435BE0-9815-4292-9FC6-4DD9C2D9FBE8}.Release|Any CPU.Build.0 = Release|Any CPU
		{2DC96FAE-0428-4398-9FF7-0FE68143145D}.Debug|Any CPU.ActiveCfg = Debug|Any CPU
		{2DC96FAE-0428-4398-9FF7-0FE68143145D}.Debug|Any CPU.Build.0 = Debug|Any CPU
		{2DC96FAE-0428-4398-9FF7-0FE68143145D}.Release|Any CPU.ActiveCfg = Release|Any CPU
		{2DC96FAE-0428-4398-9FF7-0FE68143145D}.Release|Any CPU.Build.0 = Release|Any CPU
	EndGlobalSection
	GlobalSection(SolutionProperties) = preSolution
		HideSolutionNode = FALSE
	EndGlobalSection
	GlobalSection(ExtensibilityGlobals) = postSolution
		SolutionGuid = {C5667CDC-984B-48F9-80DD-2368311BB1C1}
	EndGlobalSection
EndGlobal
